
Microsoft Visual Studio Solution File, Format Version 12.00
# Visual Studio Version 16
VisualStudioVersion = 16.0.30128.74
MinimumVisualStudioVersion = 10.0.40219.1
Project("{FAE04EC0-301F-11D3-BF4B-00C04F79EFBC}") = "Servi urbe", "Servi urbe.csproj", "{41335536-CB27-4E3F-BCA5-274B43D42D8D}"
EndProject
Global
	GlobalSection(SolutionConfigurationPlatforms) = preSolution
		Debug|Any CPU = Debug|Any CPU
		Release|Any CPU = Release|Any CPU
	EndGlobalSection
	GlobalSection(ProjectConfigurationPlatforms) = postSolution
		{41335536-CB27-4E3F-BCA5-274B43D42D8D}.Debug|Any CPU.ActiveCfg = Debug|Any CPU
		{41335536-CB27-4E3F-BCA5-274B43D42D8D}.Debug|Any CPU.Build.0 = Debug|Any CPU
		{41335536-CB27-4E3F-BCA5-274B43D42D8D}.Release|Any CPU.ActiveCfg = Release|Any CPU
		{41335536-CB27-4E3F-BCA5-274B43D42D8D}.Release|Any CPU.Build.0 = Release|Any CPU
	EndGlobalSection
	GlobalSection(SolutionProperties) = preSolution
		HideSolutionNode = FALSE
	EndGlobalSection
	GlobalSection(ExtensibilityGlobals) = postSolution
		SolutionGuid = {E66C7229-D510-4544-8695-FFB25B868B2D}
	EndGlobalSection
EndGlobal
